
Microsoft Visual Studio Solution File, Format Version 12.00
# Visual Studio Version 17
VisualStudioVersion = 17.5.002.0
MinimumVisualStudioVersion = 10.0.40219.1
Project("{9A19103F-16F7-4668-BE54-9A1E7A4F7556}") = "C#WS", "C#WS.csproj", "{06C3C221-7949-4792-8DA8-9B471C8E1ACF}"
EndProject
Global
	GlobalSection(SolutionConfigurationPlatforms) = preSolution
		Debug|Any CPU = Debug|Any CPU
		Release|Any CPU = Release|Any CPU
	EndGlobalSection
	GlobalSection(ProjectConfigurationPlatforms) = postSolution
		{06C3C221-7949-4792-8DA8-9B471C8E1ACF}.Debug|Any CPU.ActiveCfg = Debug|Any CPU
		{06C3C221-7949-4792-8DA8-9B471C8E1ACF}.Debug|Any CPU.Build.0 = Debug|Any CPU
		{06C3C221-7949-4792-8DA8-9B471C8E1ACF}.Release|Any CPU.ActiveCfg = Release|Any CPU
		{06C3C221-7949-4792-8DA8-9B471C8E1ACF}.Release|Any CPU.Build.0 = Release|Any CPU
	EndGlobalSection
	GlobalSection(SolutionProperties) = preSolution
		HideSolutionNode = FALSE
	EndGlobalSection
	GlobalSection(ExtensibilityGlobals) = postSolution
		SolutionGuid = {FEC439AD-8825-4083-861C-ADC53F6BBB8E}
	EndGlobalSection
EndGlobal
